
Microsoft Visual Studio Solution File, Format Version 12.00
# Visual Studio 15
Project("{FAE04EC0-301F-11D3-BF4B-00C04F79EFBC}") = "socialconnect", "socialconnect\socialconnect.csproj", "{26EC380F-053D-4425-8FC3-6C94C3144D36}"
EndProject
Project("{FAE04EC0-301F-11D3-BF4B-00C04F79EFBC}") = "socialconnectDATA-API", "socialconnectDATA-API\socialconnectDATA-API.csproj", "{A8107B84-14B5-4E12-8A30-44856D8985F6}"
EndProject
Global
	GlobalSection(SolutionConfigurationPlatforms) = preSolution
		Debug|Any CPU = Debug|Any CPU
		Release|Any CPU = Release|Any CPU
	EndGlobalSection
	GlobalSection(ProjectConfigurationPlatforms) = postSolution
		{26EC380F-053D-4425-8FC3-6C94C3144D36}.Debug|Any CPU.ActiveCfg = Debug|Any CPU
		{26EC380F-053D-4425-8FC3-6C94C3144D36}.Debug|Any CPU.Build.0 = Debug|Any CPU
		{26EC380F-053D-4425-8FC3-6C94C3144D36}.Release|Any CPU.ActiveCfg = Release|Any CPU
		{26EC380F-053D-4425-8FC3-6C94C3144D36}.Release|Any CPU.Build.0 = Release|Any CPU
		{A8107B84-14B5-4E12-8A30-44856D8985F6}.Debug|Any CPU.ActiveCfg = Debug|Any CPU
		{A8107B84-14B5-4E12-8A30-44856D8985F6}.Debug|Any CPU.Build.0 = Debug|Any CPU
		{A8107B84-14B5-4E12-8A30-44856D8985F6}.Release|Any CPU.ActiveCfg = Release|Any CPU
		{A8107B84-14B5-4E12-8A30-44856D8985F6}.Release|Any CPU.Build.0 = Release|Any CPU
	EndGlobalSection
EndGlobal
